
Microsoft Visual Studio Solution File, Format Version 12.00
# Visual Studio Version 17
VisualStudioVersion = 17.1.32407.343
MinimumVisualStudioVersion = 10.0.40219.1
Project("{FAE04EC0-301F-11D3-BF4B-00C04F79EFBC}") = "CountryVisitorApp", "CountryVisitorApp\CountryVisitorApp.csproj", "{7A96ECB1-5D02-4943-B2DC-9172E1960ED7}"
EndProject
Global
	GlobalSection(SolutionConfigurationPlatforms) = preSolution
		Debug|Any CPU = Debug|Any CPU
		Release|Any CPU = Release|Any CPU
	EndGlobalSection
	GlobalSection(ProjectConfigurationPlatforms) = postSolution
		{7A96ECB1-5D02-4943-B2DC-9172E1960ED7}.Debug|Any CPU.ActiveCfg = Debug|Any CPU
		{7A96ECB1-5D02-4943-B2DC-9172E1960ED7}.Debug|Any CPU.Build.0 = Debug|Any CPU
		{7A96ECB1-5D02-4943-B2DC-9172E1960ED7}.Release|Any CPU.ActiveCfg = Release|Any CPU
		{7A96ECB1-5D02-4943-B2DC-9172E1960ED7}.Release|Any CPU.Build.0 = Release|Any CPU
	EndGlobalSection
	GlobalSection(SolutionProperties) = preSolution
		HideSolutionNode = FALSE
	EndGlobalSection
	GlobalSection(ExtensibilityGlobals) = postSolution
		SolutionGuid = {6EBD69E1-E67A-4066-8BC6-5A3CAA21C641}
	EndGlobalSection
EndGlobal
